{
  "requires": true,
  "lockfileVersion": 1,
  "dependencies": {
    "mailgo": {
      "version": "0.9.10",
      "resolved": "https://registry.npmjs.org/mailgo/-/mailgo-0.9.10.tgz",
      "integrity": "sha512-WyQuAUdaKvBlJy5LIJ1QpLAkAMqfyFR4CX3j6yimAGY0kYG7pvacInogH7FO4wHDGDqk/FUbmvKuIoMDAxK0lg=="
    }
  }
}
